
Microsoft Visual Studio Solution File, Format Version 12.00
# Visual Studio Version 16
VisualStudioVersion = 16.0.30907.101
MinimumVisualStudioVersion = 10.0.40219.1
Project("{FAE04EC0-301F-11D3-BF4B-00C04F79EFBC}") = "Radon", "Radon\Radon.csproj", "{7A96D5F9-C2E5-49C8-8ECB-90496B9998F2}"
EndProject
Project("{FAE04EC0-301F-11D3-BF4B-00C04F79EFBC}") = "RadonTest", "RadonTest\RadonTest.csproj", "{03F82EEA-822E-4DC4-9C40-7C716B7BED79}"
	ProjectSection(ProjectDependencies) = postProject
		{7A96D5F9-C2E5-49C8-8ECB-90496B9998F2} = {7A96D5F9-C2E5-49C8-8ECB-90496B9998F2}
	EndProjectSection
EndProject
Global
	GlobalSection(SolutionConfigurationPlatforms) = preSolution
		Debug|Any CPU = Debug|Any CPU
		Release|Any CPU = Release|Any CPU
	EndGlobalSection
	GlobalSection(ProjectConfigurationPlatforms) = postSolution
		{7A96D5F9-C2E5-49C8-8ECB-90496B9998F2}.Debug|Any CPU.ActiveCfg = Debug|Any CPU
		{7A96D5F9-C2E5-49C8-8ECB-90496B9998F2}.Debug|Any CPU.Build.0 = Debug|Any CPU
		{7A96D5F9-C2E5-49C8-8ECB-90496B9998F2}.Release|Any CPU.ActiveCfg = Release|Any CPU
		{7A96D5F9-C2E5-49C8-8ECB-90496B9998F2}.Release|Any CPU.Build.0 = Release|Any CPU
		{03F82EEA-822E-4DC4-9C40-7C716B7BED79}.Debug|Any CPU.ActiveCfg = Debug|Any CPU
		{03F82EEA-822E-4DC4-9C40-7C716B7BED79}.Debug|Any CPU.Build.0 = Debug|Any CPU
		{03F82EEA-822E-4DC4-9C40-7C716B7BED79}.Release|Any CPU.ActiveCfg = Release|Any CPU
		{03F82EEA-822E-4DC4-9C40-7C716B7BED79}.Release|Any CPU.Build.0 = Release|Any CPU
	EndGlobalSection
	GlobalSection(SolutionProperties) = preSolution
		HideSolutionNode = FALSE
	EndGlobalSection
	GlobalSection(ExtensibilityGlobals) = postSolution
		SolutionGuid = {DAC86D80-C134-4B2E-858F-0C8BD9A9FEF0}
	EndGlobalSection
EndGlobal
